// !$*UTF8*$!
{
	archiveVersion = 1;
	classes = {
	};
	objectVersion = 46;
	objects = {

/* Begin PBXBuildFile section */
		3D05EFFE1AEAA56C00F83AD5 /* ClubLabelAnnotation.swift in Sources */ = {isa = PBXBuildFile; fileRef = 3D05EFFD1AEAA56C00F83AD5 /* ClubLabelAnnotation.swift */; };
<<<<<<< HEAD
		3D11BC711AF3E50800015AA0 /* SidePanelViewController.swift in Sources */ = {isa = PBXBuildFile; fileRef = 3D11BC701AF3E50800015AA0 /* SidePanelViewController.swift */; };
		3D11BC731AF3E5D700015AA0 /* NavItem.swift in Sources */ = {isa = PBXBuildFile; fileRef = 3D11BC721AF3E5D700015AA0 /* NavItem.swift */; };
		3D11BC751AF3E77000015AA0 /* ContainerViewController.swift in Sources */ = {isa = PBXBuildFile; fileRef = 3D11BC741AF3E77000015AA0 /* ContainerViewController.swift */; };
		3D20C1351ACBA54000DFD43C /* FBSDKCoreKit.framework in Frameworks */ = {isa = PBXBuildFile; fileRef = 3D20C1321ACBA54000DFD43C /* FBSDKCoreKit.framework */; };
		3D20C1361ACBA54000DFD43C /* FBSDKLoginKit.framework in Frameworks */ = {isa = PBXBuildFile; fileRef = 3D20C1331ACBA54000DFD43C /* FBSDKLoginKit.framework */; };
		3D20C1371ACBA54000DFD43C /* FBSDKShareKit.framework in Frameworks */ = {isa = PBXBuildFile; fileRef = 3D20C1341ACBA54000DFD43C /* FBSDKShareKit.framework */; };
=======
>>>>>>> 461343fb3ea064e8286a4c1bfbf69d723e10d2d9
		3D27820A1ACAFF2C0088F95D /* MapPageViewController.swift in Sources */ = {isa = PBXBuildFile; fileRef = 3D2782091ACAFF2C0088F95D /* MapPageViewController.swift */; };
		3D38CADE1AF48DD900738665 /* CenterViewController.swift in Sources */ = {isa = PBXBuildFile; fileRef = 3D38CADD1AF48DD900738665 /* CenterViewController.swift */; };
		3D3B3C791AD4C627000D10EF /* CustomPointAnnotation.swift in Sources */ = {isa = PBXBuildFile; fileRef = 3D3B3C781AD4C627000D10EF /* CustomPointAnnotation.swift */; };
		3D4203D31ACB96B2004B647D /* SignInPageViewController.swift in Sources */ = {isa = PBXBuildFile; fileRef = 3D4203D21ACB96B2004B647D /* SignInPageViewController.swift */; };
		3D54969C1ACB881E00C133D7 /* Bolts.framework in Frameworks */ = {isa = PBXBuildFile; fileRef = 3D54969A1ACB881E00C133D7 /* Bolts.framework */; };
		3D54969D1ACB881E00C133D7 /* Parse.framework in Frameworks */ = {isa = PBXBuildFile; fileRef = 3D54969B1ACB881E00C133D7 /* Parse.framework */; };
		3D54969F1ACB884200C133D7 /* CFNetwork.framework in Frameworks */ = {isa = PBXBuildFile; fileRef = 3D54969E1ACB884200C133D7 /* CFNetwork.framework */; };
		3D5496B21ACB910200C133D7 /* ViewFriendsViewController.swift in Sources */ = {isa = PBXBuildFile; fileRef = 3D5496B11ACB910200C133D7 /* ViewFriendsViewController.swift */; };
		3D8E824B1ACEF5270074DD5D /* FriendDetailViewController.swift in Sources */ = {isa = PBXBuildFile; fileRef = 3D8E824A1ACEF5270074DD5D /* FriendDetailViewController.swift */; };
		3DA20DAB1AF754F500568136 /* HideViewController.swift in Sources */ = {isa = PBXBuildFile; fileRef = 3DA20DAA1AF754F500568136 /* HideViewController.swift */; };
		3DB35C211AE41FCB0009FA90 /* ViewClubsViewController.swift in Sources */ = {isa = PBXBuildFile; fileRef = 3DB35C201AE41FCB0009FA90 /* ViewClubsViewController.swift */; };
		3DB35C231AE421EF0009FA90 /* ClubCollectionViewCell.swift in Sources */ = {isa = PBXBuildFile; fileRef = 3DB35C221AE421EF0009FA90 /* ClubCollectionViewCell.swift */; };
		3DB35C251AE430970009FA90 /* ClubDetailViewController.swift in Sources */ = {isa = PBXBuildFile; fileRef = 3DB35C241AE430970009FA90 /* ClubDetailViewController.swift */; };
		3DB39F311AE7F654002D81B8 /* Images.xcassets in Resources */ = {isa = PBXBuildFile; fileRef = 3DB39F301AE7F654002D81B8 /* Images.xcassets */; };
		3DD8B5FC1AC88A250002BBB7 /* FriendViewTableCell.swift in Sources */ = {isa = PBXBuildFile; fileRef = 3DD8B5FB1AC88A250002BBB7 /* FriendViewTableCell.swift */; };
		3DECE30A1ADCBFE6000149CE /* Constants.swift in Sources */ = {isa = PBXBuildFile; fileRef = 3DECE3091ADCBFE6000149CE /* Constants.swift */; };
		3DF965BF1AC5BF430011ABC2 /* AppDelegate.swift in Sources */ = {isa = PBXBuildFile; fileRef = 3DF965BE1AC5BF430011ABC2 /* AppDelegate.swift */; };
		3DF965C21AC5BF430011ABC2 /* Locanotion.xcdatamodeld in Sources */ = {isa = PBXBuildFile; fileRef = 3DF965C01AC5BF430011ABC2 /* Locanotion.xcdatamodeld */; };
		3DF965C41AC5BF430011ABC2 /* ViewController.swift in Sources */ = {isa = PBXBuildFile; fileRef = 3DF965C31AC5BF430011ABC2 /* ViewController.swift */; };
		3DF965C71AC5BF430011ABC2 /* Main.storyboard in Resources */ = {isa = PBXBuildFile; fileRef = 3DF965C51AC5BF430011ABC2 /* Main.storyboard */; };
		3DF965CC1AC5BF430011ABC2 /* LaunchScreen.xib in Resources */ = {isa = PBXBuildFile; fileRef = 3DF965CA1AC5BF430011ABC2 /* LaunchScreen.xib */; };
		3DF965D81AC5BF430011ABC2 /* LocanotionTests.swift in Sources */ = {isa = PBXBuildFile; fileRef = 3DF965D71AC5BF430011ABC2 /* LocanotionTests.swift */; };
		3DF965EB1AC5C24C0011ABC2 /* AudioToolbox.framework in Frameworks */ = {isa = PBXBuildFile; fileRef = 3DF965E11AC5C24C0011ABC2 /* AudioToolbox.framework */; };
		3DF965EC1AC5C24C0011ABC2 /* CoreGraphics.framework in Frameworks */ = {isa = PBXBuildFile; fileRef = 3DF965E21AC5C24C0011ABC2 /* CoreGraphics.framework */; };
		3DF965ED1AC5C24C0011ABC2 /* CoreLocation.framework in Frameworks */ = {isa = PBXBuildFile; fileRef = 3DF965E31AC5C24C0011ABC2 /* CoreLocation.framework */; };
		3DF965EE1AC5C24C0011ABC2 /* Foundation.framework in Frameworks */ = {isa = PBXBuildFile; fileRef = 3DF965E41AC5C24C0011ABC2 /* Foundation.framework */; };
		3DF965EF1AC5C24C0011ABC2 /* libz.dylib in Frameworks */ = {isa = PBXBuildFile; fileRef = 3DF965E51AC5C24C0011ABC2 /* libz.dylib */; };
		3DF965F01AC5C24C0011ABC2 /* MobileCoreServices.framework in Frameworks */ = {isa = PBXBuildFile; fileRef = 3DF965E61AC5C24C0011ABC2 /* MobileCoreServices.framework */; };
		3DF965F11AC5C24C0011ABC2 /* QuartzCore.framework in Frameworks */ = {isa = PBXBuildFile; fileRef = 3DF965E71AC5C24C0011ABC2 /* QuartzCore.framework */; };
		3DF965F21AC5C24C0011ABC2 /* Security.framework in Frameworks */ = {isa = PBXBuildFile; fileRef = 3DF965E81AC5C24C0011ABC2 /* Security.framework */; };
		3DF965F31AC5C24C0011ABC2 /* StoreKit.framework in Frameworks */ = {isa = PBXBuildFile; fileRef = 3DF965E91AC5C24C0011ABC2 /* StoreKit.framework */; };
		3DF965F41AC5C24C0011ABC2 /* SystemConfiguration.framework in Frameworks */ = {isa = PBXBuildFile; fileRef = 3DF965EA1AC5C24C0011ABC2 /* SystemConfiguration.framework */; };
		3DF966071AC5C6740011ABC2 /* libsqlite3.dylib in Frameworks */ = {isa = PBXBuildFile; fileRef = 3DF966061AC5C6740011ABC2 /* libsqlite3.dylib */; };
		CE36B7EC1AF1D5F000E8BBBC /* FBSDKCoreKit.framework in Frameworks */ = {isa = PBXBuildFile; fileRef = CE36B7E91AF1D5F000E8BBBC /* FBSDKCoreKit.framework */; };
		CE36B7ED1AF1D5F100E8BBBC /* FBSDKLoginKit.framework in Frameworks */ = {isa = PBXBuildFile; fileRef = CE36B7EA1AF1D5F000E8BBBC /* FBSDKLoginKit.framework */; };
		CE36B7EE1AF1D5F100E8BBBC /* FBSDKShareKit.framework in Frameworks */ = {isa = PBXBuildFile; fileRef = CE36B7EB1AF1D5F000E8BBBC /* FBSDKShareKit.framework */; };
		CE36B7F01AF1D61300E8BBBC /* ParseFacebookUtilsV4.framework in Frameworks */ = {isa = PBXBuildFile; fileRef = CE36B7EF1AF1D61300E8BBBC /* ParseFacebookUtilsV4.framework */; };
		CED6158D1AC89298002BC56F /* SignUpViewController.swift in Sources */ = {isa = PBXBuildFile; fileRef = CED6158C1AC89298002BC56F /* SignUpViewController.swift */; };
/* End PBXBuildFile section */

/* Begin PBXContainerItemProxy section */
		3DF965D21AC5BF430011ABC2 /* PBXContainerItemProxy */ = {
			isa = PBXContainerItemProxy;
			containerPortal = 3DF965B11AC5BF430011ABC2 /* Project object */;
			proxyType = 1;
			remoteGlobalIDString = 3DF965B81AC5BF430011ABC2;
			remoteInfo = Locanotion;
		};
/* End PBXContainerItemProxy section */

/* Begin PBXFileReference section */
		3D05EFFD1AEAA56C00F83AD5 /* ClubLabelAnnotation.swift */ = {isa = PBXFileReference; fileEncoding = 4; lastKnownFileType = sourcecode.swift; path = ClubLabelAnnotation.swift; sourceTree = "<group>"; };
<<<<<<< HEAD
		3D11BC701AF3E50800015AA0 /* SidePanelViewController.swift */ = {isa = PBXFileReference; fileEncoding = 4; lastKnownFileType = sourcecode.swift; path = SidePanelViewController.swift; sourceTree = "<group>"; };
		3D11BC721AF3E5D700015AA0 /* NavItem.swift */ = {isa = PBXFileReference; fileEncoding = 4; lastKnownFileType = sourcecode.swift; path = NavItem.swift; sourceTree = "<group>"; };
		3D11BC741AF3E77000015AA0 /* ContainerViewController.swift */ = {isa = PBXFileReference; fileEncoding = 4; lastKnownFileType = sourcecode.swift; path = ContainerViewController.swift; sourceTree = "<group>"; };
		3D20C1321ACBA54000DFD43C /* FBSDKCoreKit.framework */ = {isa = PBXFileReference; lastKnownFileType = wrapper.framework; name = FBSDKCoreKit.framework; path = ../../FacebookSDK/FBSDKCoreKit.framework; sourceTree = "<group>"; };
		3D20C1331ACBA54000DFD43C /* FBSDKLoginKit.framework */ = {isa = PBXFileReference; lastKnownFileType = wrapper.framework; name = FBSDKLoginKit.framework; path = ../../FacebookSDK/FBSDKLoginKit.framework; sourceTree = "<group>"; };
		3D20C1341ACBA54000DFD43C /* FBSDKShareKit.framework */ = {isa = PBXFileReference; lastKnownFileType = wrapper.framework; name = FBSDKShareKit.framework; path = ../../FacebookSDK/FBSDKShareKit.framework; sourceTree = "<group>"; };
=======
>>>>>>> 461343fb3ea064e8286a4c1bfbf69d723e10d2d9
		3D2782091ACAFF2C0088F95D /* MapPageViewController.swift */ = {isa = PBXFileReference; fileEncoding = 4; lastKnownFileType = sourcecode.swift; path = MapPageViewController.swift; sourceTree = "<group>"; };
		3D38CADD1AF48DD900738665 /* CenterViewController.swift */ = {isa = PBXFileReference; fileEncoding = 4; lastKnownFileType = sourcecode.swift; path = CenterViewController.swift; sourceTree = "<group>"; };
		3D3B3C781AD4C627000D10EF /* CustomPointAnnotation.swift */ = {isa = PBXFileReference; fileEncoding = 4; lastKnownFileType = sourcecode.swift; path = CustomPointAnnotation.swift; sourceTree = "<group>"; };
		3D4203D21ACB96B2004B647D /* SignInPageViewController.swift */ = {isa = PBXFileReference; fileEncoding = 4; lastKnownFileType = sourcecode.swift; path = SignInPageViewController.swift; sourceTree = "<group>"; };
		3D54969A1ACB881E00C133D7 /* Bolts.framework */ = {isa = PBXFileReference; lastKnownFileType = wrapper.framework; path = Bolts.framework; sourceTree = "<group>"; };
		3D54969B1ACB881E00C133D7 /* Parse.framework */ = {isa = PBXFileReference; lastKnownFileType = wrapper.framework; path = Parse.framework; sourceTree = "<group>"; };
		3D54969E1ACB884200C133D7 /* CFNetwork.framework */ = {isa = PBXFileReference; lastKnownFileType = wrapper.framework; name = CFNetwork.framework; path = System/Library/Frameworks/CFNetwork.framework; sourceTree = SDKROOT; };
		3D5496B11ACB910200C133D7 /* ViewFriendsViewController.swift */ = {isa = PBXFileReference; fileEncoding = 4; lastKnownFileType = sourcecode.swift; path = ViewFriendsViewController.swift; sourceTree = "<group>"; };
		3D8E824A1ACEF5270074DD5D /* FriendDetailViewController.swift */ = {isa = PBXFileReference; fileEncoding = 4; lastKnownFileType = sourcecode.swift; path = FriendDetailViewController.swift; sourceTree = "<group>"; };
		3DA20DAA1AF754F500568136 /* HideViewController.swift */ = {isa = PBXFileReference; fileEncoding = 4; lastKnownFileType = sourcecode.swift; path = HideViewController.swift; sourceTree = "<group>"; };
		3DB35C201AE41FCB0009FA90 /* ViewClubsViewController.swift */ = {isa = PBXFileReference; fileEncoding = 4; lastKnownFileType = sourcecode.swift; path = ViewClubsViewController.swift; sourceTree = "<group>"; };
		3DB35C221AE421EF0009FA90 /* ClubCollectionViewCell.swift */ = {isa = PBXFileReference; fileEncoding = 4; lastKnownFileType = sourcecode.swift; path = ClubCollectionViewCell.swift; sourceTree = "<group>"; };
		3DB35C241AE430970009FA90 /* ClubDetailViewController.swift */ = {isa = PBXFileReference; fileEncoding = 4; lastKnownFileType = sourcecode.swift; path = ClubDetailViewController.swift; sourceTree = "<group>"; };
		3DB39F301AE7F654002D81B8 /* Images.xcassets */ = {isa = PBXFileReference; lastKnownFileType = folder.assetcatalog; path = Images.xcassets; sourceTree = "<group>"; };
		3DD8B5FB1AC88A250002BBB7 /* FriendViewTableCell.swift */ = {isa = PBXFileReference; fileEncoding = 4; lastKnownFileType = sourcecode.swift; path = FriendViewTableCell.swift; sourceTree = "<group>"; };
		3DECE3091ADCBFE6000149CE /* Constants.swift */ = {isa = PBXFileReference; fileEncoding = 4; lastKnownFileType = sourcecode.swift; path = Constants.swift; sourceTree = "<group>"; };
		3DF965B91AC5BF430011ABC2 /* Locanotion.app */ = {isa = PBXFileReference; explicitFileType = wrapper.application; includeInIndex = 0; path = Locanotion.app; sourceTree = BUILT_PRODUCTS_DIR; };
		3DF965BD1AC5BF430011ABC2 /* Info.plist */ = {isa = PBXFileReference; lastKnownFileType = text.plist.xml; path = Info.plist; sourceTree = "<group>"; };
		3DF965BE1AC5BF430011ABC2 /* AppDelegate.swift */ = {isa = PBXFileReference; lastKnownFileType = sourcecode.swift; path = AppDelegate.swift; sourceTree = "<group>"; };
		3DF965C11AC5BF430011ABC2 /* Locanotion.xcdatamodel */ = {isa = PBXFileReference; lastKnownFileType = wrapper.xcdatamodel; path = Locanotion.xcdatamodel; sourceTree = "<group>"; };
		3DF965C31AC5BF430011ABC2 /* ViewController.swift */ = {isa = PBXFileReference; lastKnownFileType = sourcecode.swift; path = ViewController.swift; sourceTree = "<group>"; };
		3DF965C61AC5BF430011ABC2 /* Base */ = {isa = PBXFileReference; lastKnownFileType = file.storyboard; name = Base; path = Base.lproj/Main.storyboard; sourceTree = "<group>"; };
		3DF965CB1AC5BF430011ABC2 /* Base */ = {isa = PBXFileReference; lastKnownFileType = file.xib; name = Base; path = Base.lproj/LaunchScreen.xib; sourceTree = "<group>"; };
		3DF965D11AC5BF430011ABC2 /* LocanotionTests.xctest */ = {isa = PBXFileReference; explicitFileType = wrapper.cfbundle; includeInIndex = 0; path = LocanotionTests.xctest; sourceTree = BUILT_PRODUCTS_DIR; };
		3DF965D61AC5BF430011ABC2 /* Info.plist */ = {isa = PBXFileReference; lastKnownFileType = text.plist.xml; path = Info.plist; sourceTree = "<group>"; };
		3DF965D71AC5BF430011ABC2 /* LocanotionTests.swift */ = {isa = PBXFileReference; lastKnownFileType = sourcecode.swift; path = LocanotionTests.swift; sourceTree = "<group>"; };
		3DF965E11AC5C24C0011ABC2 /* AudioToolbox.framework */ = {isa = PBXFileReference; lastKnownFileType = wrapper.framework; name = AudioToolbox.framework; path = System/Library/Frameworks/AudioToolbox.framework; sourceTree = SDKROOT; };
		3DF965E21AC5C24C0011ABC2 /* CoreGraphics.framework */ = {isa = PBXFileReference; lastKnownFileType = wrapper.framework; name = CoreGraphics.framework; path = System/Library/Frameworks/CoreGraphics.framework; sourceTree = SDKROOT; };
		3DF965E31AC5C24C0011ABC2 /* CoreLocation.framework */ = {isa = PBXFileReference; lastKnownFileType = wrapper.framework; name = CoreLocation.framework; path = System/Library/Frameworks/CoreLocation.framework; sourceTree = SDKROOT; };
		3DF965E41AC5C24C0011ABC2 /* Foundation.framework */ = {isa = PBXFileReference; lastKnownFileType = wrapper.framework; name = Foundation.framework; path = System/Library/Frameworks/Foundation.framework; sourceTree = SDKROOT; };
		3DF965E51AC5C24C0011ABC2 /* libz.dylib */ = {isa = PBXFileReference; lastKnownFileType = "compiled.mach-o.dylib"; name = libz.dylib; path = usr/lib/libz.dylib; sourceTree = SDKROOT; };
		3DF965E61AC5C24C0011ABC2 /* MobileCoreServices.framework */ = {isa = PBXFileReference; lastKnownFileType = wrapper.framework; name = MobileCoreServices.framework; path = System/Library/Frameworks/MobileCoreServices.framework; sourceTree = SDKROOT; };
		3DF965E71AC5C24C0011ABC2 /* QuartzCore.framework */ = {isa = PBXFileReference; lastKnownFileType = wrapper.framework; name = QuartzCore.framework; path = System/Library/Frameworks/QuartzCore.framework; sourceTree = SDKROOT; };
		3DF965E81AC5C24C0011ABC2 /* Security.framework */ = {isa = PBXFileReference; lastKnownFileType = wrapper.framework; name = Security.framework; path = System/Library/Frameworks/Security.framework; sourceTree = SDKROOT; };
		3DF965E91AC5C24C0011ABC2 /* StoreKit.framework */ = {isa = PBXFileReference; lastKnownFileType = wrapper.framework; name = StoreKit.framework; path = System/Library/Frameworks/StoreKit.framework; sourceTree = SDKROOT; };
		3DF965EA1AC5C24C0011ABC2 /* SystemConfiguration.framework */ = {isa = PBXFileReference; lastKnownFileType = wrapper.framework; name = SystemConfiguration.framework; path = System/Library/Frameworks/SystemConfiguration.framework; sourceTree = SDKROOT; };
		3DF966031AC5C4D10011ABC2 /* Locanotion-Bridging-Header.h */ = {isa = PBXFileReference; lastKnownFileType = sourcecode.c.h; path = "Locanotion-Bridging-Header.h"; sourceTree = "<group>"; };
		3DF966061AC5C6740011ABC2 /* libsqlite3.dylib */ = {isa = PBXFileReference; lastKnownFileType = "compiled.mach-o.dylib"; name = libsqlite3.dylib; path = usr/lib/libsqlite3.dylib; sourceTree = SDKROOT; };
		CE36B7E91AF1D5F000E8BBBC /* FBSDKCoreKit.framework */ = {isa = PBXFileReference; lastKnownFileType = wrapper.framework; name = FBSDKCoreKit.framework; path = ../../../Documents/FacebookSDK/FBSDKCoreKit.framework; sourceTree = "<group>"; };
		CE36B7EA1AF1D5F000E8BBBC /* FBSDKLoginKit.framework */ = {isa = PBXFileReference; lastKnownFileType = wrapper.framework; name = FBSDKLoginKit.framework; path = ../../../Documents/FacebookSDK/FBSDKLoginKit.framework; sourceTree = "<group>"; };
		CE36B7EB1AF1D5F000E8BBBC /* FBSDKShareKit.framework */ = {isa = PBXFileReference; lastKnownFileType = wrapper.framework; name = FBSDKShareKit.framework; path = ../../../Documents/FacebookSDK/FBSDKShareKit.framework; sourceTree = "<group>"; };
		CE36B7EF1AF1D61300E8BBBC /* ParseFacebookUtilsV4.framework */ = {isa = PBXFileReference; lastKnownFileType = wrapper.framework; path = ParseFacebookUtilsV4.framework; sourceTree = "<group>"; };
		CED6158C1AC89298002BC56F /* SignUpViewController.swift */ = {isa = PBXFileReference; fileEncoding = 4; lastKnownFileType = sourcecode.swift; path = SignUpViewController.swift; sourceTree = "<group>"; };
/* End PBXFileReference section */

/* Begin PBXFrameworksBuildPhase section */
		3DF965B61AC5BF430011ABC2 /* Frameworks */ = {
			isa = PBXFrameworksBuildPhase;
			buildActionMask = 2147483647;
			files = (
				3D54969F1ACB884200C133D7 /* CFNetwork.framework in Frameworks */,
				3DF966071AC5C6740011ABC2 /* libsqlite3.dylib in Frameworks */,
				CE36B7F01AF1D61300E8BBBC /* ParseFacebookUtilsV4.framework in Frameworks */,
				CE36B7ED1AF1D5F100E8BBBC /* FBSDKLoginKit.framework in Frameworks */,
				3DF965EB1AC5C24C0011ABC2 /* AudioToolbox.framework in Frameworks */,
				3DF965EC1AC5C24C0011ABC2 /* CoreGraphics.framework in Frameworks */,
				3D54969C1ACB881E00C133D7 /* Bolts.framework in Frameworks */,
				CE36B7EC1AF1D5F000E8BBBC /* FBSDKCoreKit.framework in Frameworks */,
				3DF965ED1AC5C24C0011ABC2 /* CoreLocation.framework in Frameworks */,
				3DF965EE1AC5C24C0011ABC2 /* Foundation.framework in Frameworks */,
				3D54969D1ACB881E00C133D7 /* Parse.framework in Frameworks */,
				3DF965EF1AC5C24C0011ABC2 /* libz.dylib in Frameworks */,
				3DF965F01AC5C24C0011ABC2 /* MobileCoreServices.framework in Frameworks */,
				3DF965F11AC5C24C0011ABC2 /* QuartzCore.framework in Frameworks */,
				CE36B7EE1AF1D5F100E8BBBC /* FBSDKShareKit.framework in Frameworks */,
				3DF965F21AC5C24C0011ABC2 /* Security.framework in Frameworks */,
				3DF965F31AC5C24C0011ABC2 /* StoreKit.framework in Frameworks */,
				3DF965F41AC5C24C0011ABC2 /* SystemConfiguration.framework in Frameworks */,
			);
			runOnlyForDeploymentPostprocessing = 0;
		};
		3DF965CE1AC5BF430011ABC2 /* Frameworks */ = {
			isa = PBXFrameworksBuildPhase;
			buildActionMask = 2147483647;
			files = (
			);
			runOnlyForDeploymentPostprocessing = 0;
		};
/* End PBXFrameworksBuildPhase section */

/* Begin PBXGroup section */
		3D5496A01ACB88EA00C133D7 /* Frameworks */ = {
			isa = PBXGroup;
			children = (
				CE36B7EF1AF1D61300E8BBBC /* ParseFacebookUtilsV4.framework */,
				CE36B7E91AF1D5F000E8BBBC /* FBSDKCoreKit.framework */,
				CE36B7EA1AF1D5F000E8BBBC /* FBSDKLoginKit.framework */,
				CE36B7EB1AF1D5F000E8BBBC /* FBSDKShareKit.framework */,
				3D54969E1ACB884200C133D7 /* CFNetwork.framework */,
				3D54969A1ACB881E00C133D7 /* Bolts.framework */,
				3D54969B1ACB881E00C133D7 /* Parse.framework */,
				3DF966061AC5C6740011ABC2 /* libsqlite3.dylib */,
				3DF965E11AC5C24C0011ABC2 /* AudioToolbox.framework */,
				3DF965E21AC5C24C0011ABC2 /* CoreGraphics.framework */,
				3DF965E31AC5C24C0011ABC2 /* CoreLocation.framework */,
				3DF965E41AC5C24C0011ABC2 /* Foundation.framework */,
				3DF965E51AC5C24C0011ABC2 /* libz.dylib */,
				3DF965E61AC5C24C0011ABC2 /* MobileCoreServices.framework */,
				3DF965E71AC5C24C0011ABC2 /* QuartzCore.framework */,
				3DF965E81AC5C24C0011ABC2 /* Security.framework */,
				3DF965E91AC5C24C0011ABC2 /* StoreKit.framework */,
				3DF965EA1AC5C24C0011ABC2 /* SystemConfiguration.framework */,
			);
			name = Frameworks;
			sourceTree = "<group>";
		};
		3DF965B01AC5BF430011ABC2 = {
			isa = PBXGroup;
			children = (
				3D5496A01ACB88EA00C133D7 /* Frameworks */,
				3DF965BB1AC5BF430011ABC2 /* Locanotion */,
				3DF965D41AC5BF430011ABC2 /* LocanotionTests */,
				3DF965BA1AC5BF430011ABC2 /* Products */,
			);
			sourceTree = "<group>";
		};
		3DF965BA1AC5BF430011ABC2 /* Products */ = {
			isa = PBXGroup;
			children = (
				3DF965B91AC5BF430011ABC2 /* Locanotion.app */,
				3DF965D11AC5BF430011ABC2 /* LocanotionTests.xctest */,
			);
			name = Products;
			sourceTree = "<group>";
		};
		3DF965BB1AC5BF430011ABC2 /* Locanotion */ = {
			isa = PBXGroup;
			children = (
				3DF965BE1AC5BF430011ABC2 /* AppDelegate.swift */,
				3D5496B11ACB910200C133D7 /* ViewFriendsViewController.swift */,
				3D11BC701AF3E50800015AA0 /* SidePanelViewController.swift */,
				3D11BC721AF3E5D700015AA0 /* NavItem.swift */,
				3D11BC741AF3E77000015AA0 /* ContainerViewController.swift */,
				3DA20DAA1AF754F500568136 /* HideViewController.swift */,
				3D38CADD1AF48DD900738665 /* CenterViewController.swift */,
				3D2782091ACAFF2C0088F95D /* MapPageViewController.swift */,
				3D05EFFD1AEAA56C00F83AD5 /* ClubLabelAnnotation.swift */,
				3D3B3C781AD4C627000D10EF /* CustomPointAnnotation.swift */,
				3DECE3091ADCBFE6000149CE /* Constants.swift */,
				3D8E824A1ACEF5270074DD5D /* FriendDetailViewController.swift */,
				CED6158C1AC89298002BC56F /* SignUpViewController.swift */,
				3D4203D21ACB96B2004B647D /* SignInPageViewController.swift */,
				3DB39F301AE7F654002D81B8 /* Images.xcassets */,
				3DF965C31AC5BF430011ABC2 /* ViewController.swift */,
				3DB35C201AE41FCB0009FA90 /* ViewClubsViewController.swift */,
				3DB35C241AE430970009FA90 /* ClubDetailViewController.swift */,
				3DB35C221AE421EF0009FA90 /* ClubCollectionViewCell.swift */,
				3DF965C51AC5BF430011ABC2 /* Main.storyboard */,
				3DD8B5FB1AC88A250002BBB7 /* FriendViewTableCell.swift */,
				3DF965CA1AC5BF430011ABC2 /* LaunchScreen.xib */,
				3DF965C01AC5BF430011ABC2 /* Locanotion.xcdatamodeld */,
				3DF965BC1AC5BF430011ABC2 /* Supporting Files */,
				3DF966031AC5C4D10011ABC2 /* Locanotion-Bridging-Header.h */,
			);
			path = Locanotion;
			sourceTree = "<group>";
		};
		3DF965BC1AC5BF430011ABC2 /* Supporting Files */ = {
			isa = PBXGroup;
			children = (
				3DF965BD1AC5BF430011ABC2 /* Info.plist */,
			);
			name = "Supporting Files";
			sourceTree = "<group>";
		};
		3DF965D41AC5BF430011ABC2 /* LocanotionTests */ = {
			isa = PBXGroup;
			children = (
				3DF965D71AC5BF430011ABC2 /* LocanotionTests.swift */,
				3DF965D51AC5BF430011ABC2 /* Supporting Files */,
			);
			path = LocanotionTests;
			sourceTree = "<group>";
		};
		3DF965D51AC5BF430011ABC2 /* Supporting Files */ = {
			isa = PBXGroup;
			children = (
				3DF965D61AC5BF430011ABC2 /* Info.plist */,
			);
			name = "Supporting Files";
			sourceTree = "<group>";
		};
/* End PBXGroup section */

/* Begin PBXNativeTarget section */
		3DF965B81AC5BF430011ABC2 /* Locanotion */ = {
			isa = PBXNativeTarget;
			buildConfigurationList = 3DF965DB1AC5BF430011ABC2 /* Build configuration list for PBXNativeTarget "Locanotion" */;
			buildPhases = (
				3DF965B51AC5BF430011ABC2 /* Sources */,
				3DF965B61AC5BF430011ABC2 /* Frameworks */,
				3DF965B71AC5BF430011ABC2 /* Resources */,
			);
			buildRules = (
			);
			dependencies = (
			);
			name = Locanotion;
			productName = Locanotion;
			productReference = 3DF965B91AC5BF430011ABC2 /* Locanotion.app */;
			productType = "com.apple.product-type.application";
		};
		3DF965D01AC5BF430011ABC2 /* LocanotionTests */ = {
			isa = PBXNativeTarget;
			buildConfigurationList = 3DF965DE1AC5BF430011ABC2 /* Build configuration list for PBXNativeTarget "LocanotionTests" */;
			buildPhases = (
				3DF965CD1AC5BF430011ABC2 /* Sources */,
				3DF965CE1AC5BF430011ABC2 /* Frameworks */,
				3DF965CF1AC5BF430011ABC2 /* Resources */,
			);
			buildRules = (
			);
			dependencies = (
				3DF965D31AC5BF430011ABC2 /* PBXTargetDependency */,
			);
			name = LocanotionTests;
			productName = LocanotionTests;
			productReference = 3DF965D11AC5BF430011ABC2 /* LocanotionTests.xctest */;
			productType = "com.apple.product-type.bundle.unit-test";
		};
/* End PBXNativeTarget section */

/* Begin PBXProject section */
		3DF965B11AC5BF430011ABC2 /* Project object */ = {
			isa = PBXProject;
			attributes = {
				LastUpgradeCheck = 0620;
				ORGANIZATIONNAME = Locanotion;
				TargetAttributes = {
					3DF965B81AC5BF430011ABC2 = {
						CreatedOnToolsVersion = 6.1;
<<<<<<< HEAD
						DevelopmentTeam = 4Z7P2YNH2G;
=======
						DevelopmentTeam = WKRZ8G7B5R;
>>>>>>> 461343fb3ea064e8286a4c1bfbf69d723e10d2d9
					};
					3DF965D01AC5BF430011ABC2 = {
						CreatedOnToolsVersion = 6.1;
						TestTargetID = 3DF965B81AC5BF430011ABC2;
					};
				};
			};
			buildConfigurationList = 3DF965B41AC5BF430011ABC2 /* Build configuration list for PBXProject "Locanotion" */;
			compatibilityVersion = "Xcode 3.2";
			developmentRegion = English;
			hasScannedForEncodings = 0;
			knownRegions = (
				en,
				Base,
			);
			mainGroup = 3DF965B01AC5BF430011ABC2;
			productRefGroup = 3DF965BA1AC5BF430011ABC2 /* Products */;
			projectDirPath = "";
			projectRoot = "";
			targets = (
				3DF965B81AC5BF430011ABC2 /* Locanotion */,
				3DF965D01AC5BF430011ABC2 /* LocanotionTests */,
			);
		};
/* End PBXProject section */

/* Begin PBXResourcesBuildPhase section */
		3DF965B71AC5BF430011ABC2 /* Resources */ = {
			isa = PBXResourcesBuildPhase;
			buildActionMask = 2147483647;
			files = (
				3DB39F311AE7F654002D81B8 /* Images.xcassets in Resources */,
				3DF965C71AC5BF430011ABC2 /* Main.storyboard in Resources */,
				3DF965CC1AC5BF430011ABC2 /* LaunchScreen.xib in Resources */,
			);
			runOnlyForDeploymentPostprocessing = 0;
		};
		3DF965CF1AC5BF430011ABC2 /* Resources */ = {
			isa = PBXResourcesBuildPhase;
			buildActionMask = 2147483647;
			files = (
			);
			runOnlyForDeploymentPostprocessing = 0;
		};
/* End PBXResourcesBuildPhase section */

/* Begin PBXSourcesBuildPhase section */
		3DF965B51AC5BF430011ABC2 /* Sources */ = {
			isa = PBXSourcesBuildPhase;
			buildActionMask = 2147483647;
			files = (
				3DB35C231AE421EF0009FA90 /* ClubCollectionViewCell.swift in Sources */,
				CED6158D1AC89298002BC56F /* SignUpViewController.swift in Sources */,
				3DECE30A1ADCBFE6000149CE /* Constants.swift in Sources */,
				3DF965C41AC5BF430011ABC2 /* ViewController.swift in Sources */,
				3DA20DAB1AF754F500568136 /* HideViewController.swift in Sources */,
				3DD8B5FC1AC88A250002BBB7 /* FriendViewTableCell.swift in Sources */,
				3D11BC731AF3E5D700015AA0 /* NavItem.swift in Sources */,
				3DF965BF1AC5BF430011ABC2 /* AppDelegate.swift in Sources */,
				3D27820A1ACAFF2C0088F95D /* MapPageViewController.swift in Sources */,
				3D4203D31ACB96B2004B647D /* SignInPageViewController.swift in Sources */,
				3D05EFFE1AEAA56C00F83AD5 /* ClubLabelAnnotation.swift in Sources */,
				3D3B3C791AD4C627000D10EF /* CustomPointAnnotation.swift in Sources */,
				3DB35C251AE430970009FA90 /* ClubDetailViewController.swift in Sources */,
				3DF965C21AC5BF430011ABC2 /* Locanotion.xcdatamodeld in Sources */,
				3D11BC711AF3E50800015AA0 /* SidePanelViewController.swift in Sources */,
				3D5496B21ACB910200C133D7 /* ViewFriendsViewController.swift in Sources */,
				3D8E824B1ACEF5270074DD5D /* FriendDetailViewController.swift in Sources */,
				3D38CADE1AF48DD900738665 /* CenterViewController.swift in Sources */,
				3D11BC751AF3E77000015AA0 /* ContainerViewController.swift in Sources */,
				3DB35C211AE41FCB0009FA90 /* ViewClubsViewController.swift in Sources */,
			);
			runOnlyForDeploymentPostprocessing = 0;
		};
		3DF965CD1AC5BF430011ABC2 /* Sources */ = {
			isa = PBXSourcesBuildPhase;
			buildActionMask = 2147483647;
			files = (
				3DF965D81AC5BF430011ABC2 /* LocanotionTests.swift in Sources */,
			);
			runOnlyForDeploymentPostprocessing = 0;
		};
/* End PBXSourcesBuildPhase section */

/* Begin PBXTargetDependency section */
		3DF965D31AC5BF430011ABC2 /* PBXTargetDependency */ = {
			isa = PBXTargetDependency;
			target = 3DF965B81AC5BF430011ABC2 /* Locanotion */;
			targetProxy = 3DF965D21AC5BF430011ABC2 /* PBXContainerItemProxy */;
		};
/* End PBXTargetDependency section */

/* Begin PBXVariantGroup section */
		3DF965C51AC5BF430011ABC2 /* Main.storyboard */ = {
			isa = PBXVariantGroup;
			children = (
				3DF965C61AC5BF430011ABC2 /* Base */,
			);
			name = Main.storyboard;
			sourceTree = "<group>";
		};
		3DF965CA1AC5BF430011ABC2 /* LaunchScreen.xib */ = {
			isa = PBXVariantGroup;
			children = (
				3DF965CB1AC5BF430011ABC2 /* Base */,
			);
			name = LaunchScreen.xib;
			sourceTree = "<group>";
		};
/* End PBXVariantGroup section */

/* Begin XCBuildConfiguration section */
		3DF965D91AC5BF430011ABC2 /* Debug */ = {
			isa = XCBuildConfiguration;
			buildSettings = {
				ALWAYS_SEARCH_USER_PATHS = NO;
				CLANG_CXX_LANGUAGE_STANDARD = "gnu++0x";
				CLANG_CXX_LIBRARY = "libc++";
				CLANG_ENABLE_MODULES = YES;
				CLANG_ENABLE_OBJC_ARC = YES;
				CLANG_WARN_BOOL_CONVERSION = YES;
				CLANG_WARN_CONSTANT_CONVERSION = YES;
				CLANG_WARN_DIRECT_OBJC_ISA_USAGE = YES_ERROR;
				CLANG_WARN_EMPTY_BODY = YES;
				CLANG_WARN_ENUM_CONVERSION = YES;
				CLANG_WARN_INT_CONVERSION = YES;
				CLANG_WARN_OBJC_ROOT_CLASS = YES_ERROR;
				CLANG_WARN_UNREACHABLE_CODE = YES;
				CLANG_WARN__DUPLICATE_METHOD_MATCH = YES;
				"CODE_SIGN_IDENTITY[sdk=iphoneos*]" = "iPhone Developer";
				COPY_PHASE_STRIP = NO;
				ENABLE_STRICT_OBJC_MSGSEND = YES;
				FRAMEWORK_SEARCH_PATHS = "$(SRCROOT)";
				GCC_C_LANGUAGE_STANDARD = gnu99;
				GCC_DYNAMIC_NO_PIC = NO;
				GCC_OPTIMIZATION_LEVEL = 0;
				GCC_PREPROCESSOR_DEFINITIONS = (
					"DEBUG=1",
					"$(inherited)",
				);
				GCC_SYMBOLS_PRIVATE_EXTERN = NO;
				GCC_WARN_64_TO_32_BIT_CONVERSION = YES;
				GCC_WARN_ABOUT_RETURN_TYPE = YES_ERROR;
				GCC_WARN_UNDECLARED_SELECTOR = YES;
				GCC_WARN_UNINITIALIZED_AUTOS = YES_AGGRESSIVE;
				GCC_WARN_UNUSED_FUNCTION = YES;
				GCC_WARN_UNUSED_VARIABLE = YES;
				IPHONEOS_DEPLOYMENT_TARGET = 8.1;
				MTL_ENABLE_DEBUG_INFO = YES;
				ONLY_ACTIVE_ARCH = YES;
				SDKROOT = iphoneos;
				SWIFT_OPTIMIZATION_LEVEL = "-Onone";
				TARGETED_DEVICE_FAMILY = "1,2";
			};
			name = Debug;
		};
		3DF965DA1AC5BF430011ABC2 /* Release */ = {
			isa = XCBuildConfiguration;
			buildSettings = {
				ALWAYS_SEARCH_USER_PATHS = NO;
				CLANG_CXX_LANGUAGE_STANDARD = "gnu++0x";
				CLANG_CXX_LIBRARY = "libc++";
				CLANG_ENABLE_MODULES = YES;
				CLANG_ENABLE_OBJC_ARC = YES;
				CLANG_WARN_BOOL_CONVERSION = YES;
				CLANG_WARN_CONSTANT_CONVERSION = YES;
				CLANG_WARN_DIRECT_OBJC_ISA_USAGE = YES_ERROR;
				CLANG_WARN_EMPTY_BODY = YES;
				CLANG_WARN_ENUM_CONVERSION = YES;
				CLANG_WARN_INT_CONVERSION = YES;
				CLANG_WARN_OBJC_ROOT_CLASS = YES_ERROR;
				CLANG_WARN_UNREACHABLE_CODE = YES;
				CLANG_WARN__DUPLICATE_METHOD_MATCH = YES;
				"CODE_SIGN_IDENTITY[sdk=iphoneos*]" = "iPhone Developer";
				COPY_PHASE_STRIP = YES;
				ENABLE_NS_ASSERTIONS = NO;
				ENABLE_STRICT_OBJC_MSGSEND = YES;
				FRAMEWORK_SEARCH_PATHS = "$(SRCROOT)";
				GCC_C_LANGUAGE_STANDARD = gnu99;
				GCC_WARN_64_TO_32_BIT_CONVERSION = YES;
				GCC_WARN_ABOUT_RETURN_TYPE = YES_ERROR;
				GCC_WARN_UNDECLARED_SELECTOR = YES;
				GCC_WARN_UNINITIALIZED_AUTOS = YES_AGGRESSIVE;
				GCC_WARN_UNUSED_FUNCTION = YES;
				GCC_WARN_UNUSED_VARIABLE = YES;
				IPHONEOS_DEPLOYMENT_TARGET = 8.1;
				MTL_ENABLE_DEBUG_INFO = NO;
				SDKROOT = iphoneos;
				TARGETED_DEVICE_FAMILY = "1,2";
				VALIDATE_PRODUCT = YES;
			};
			name = Release;
		};
		3DF965DC1AC5BF430011ABC2 /* Debug */ = {
			isa = XCBuildConfiguration;
			buildSettings = {
				ASSETCATALOG_COMPILER_APPICON_NAME = AppIcon;
				CLANG_ENABLE_MODULES = YES;
				CODE_SIGN_IDENTITY = "iPhone Developer";
				"CODE_SIGN_IDENTITY[sdk=iphoneos*]" = "iPhone Developer";
				FRAMEWORK_SEARCH_PATHS = (
					"$(inherited)",
					"$(PROJECT_DIR)",
					"/Users/William/Documents/parse-library-1.7.0",
					2,
					/Users/William/Documents/FacebookSDK,
					"/Users/William/Documents/parse-library-1.7.0",
					2,
					"/Users/William/Documents/parse-library-1.7.0",
					2,
					"/Users/William/Documents/parse-library-1.7.0",
					2,
					"/Users/William/Documents/parse-library-1.7.0",
					2,
					/Users/nicholaspai/Documents/FacebookSDK,
				);
				INFOPLIST_FILE = Locanotion/Info.plist;
				LD_RUNPATH_SEARCH_PATHS = "$(inherited) @executable_path/Frameworks";
				PRODUCT_NAME = "$(TARGET_NAME)";
				PROVISIONING_PROFILE = "";
				SWIFT_OBJC_BRIDGING_HEADER = "Locanotion/Locanotion-Bridging-Header.h";
				SWIFT_OPTIMIZATION_LEVEL = "-Onone";
				TARGETED_DEVICE_FAMILY = "1,2";
			};
			name = Debug;
		};
		3DF965DD1AC5BF430011ABC2 /* Release */ = {
			isa = XCBuildConfiguration;
			buildSettings = {
				ASSETCATALOG_COMPILER_APPICON_NAME = AppIcon;
				CLANG_ENABLE_MODULES = YES;
				CODE_SIGN_IDENTITY = "iPhone Developer";
				"CODE_SIGN_IDENTITY[sdk=iphoneos*]" = "iPhone Developer";
				FRAMEWORK_SEARCH_PATHS = (
					"$(inherited)",
					"$(PROJECT_DIR)",
					"/Users/William/Documents/parse-library-1.7.0",
					2,
					/Users/William/Documents/FacebookSDK,
					"/Users/William/Documents/parse-library-1.7.0",
					2,
					"/Users/William/Documents/parse-library-1.7.0",
					2,
					"/Users/William/Documents/parse-library-1.7.0",
					2,
					"/Users/William/Documents/parse-library-1.7.0",
					2,
					/Users/nicholaspai/Documents/FacebookSDK,
				);
				INFOPLIST_FILE = Locanotion/Info.plist;
				LD_RUNPATH_SEARCH_PATHS = "$(inherited) @executable_path/Frameworks";
				PRODUCT_NAME = "$(TARGET_NAME)";
				PROVISIONING_PROFILE = "";
				SWIFT_OBJC_BRIDGING_HEADER = "Locanotion/Locanotion-Bridging-Header.h";
				TARGETED_DEVICE_FAMILY = "1,2";
			};
			name = Release;
		};
		3DF965DF1AC5BF430011ABC2 /* Debug */ = {
			isa = XCBuildConfiguration;
			buildSettings = {
				BUNDLE_LOADER = "$(TEST_HOST)";
				FRAMEWORK_SEARCH_PATHS = (
					"$(SDKROOT)/Developer/Library/Frameworks",
					"$(inherited)",
				);
				GCC_PREPROCESSOR_DEFINITIONS = (
					"DEBUG=1",
					"$(inherited)",
				);
				INFOPLIST_FILE = LocanotionTests/Info.plist;
				LD_RUNPATH_SEARCH_PATHS = "$(inherited) @executable_path/Frameworks @loader_path/Frameworks";
				PRODUCT_NAME = "$(TARGET_NAME)";
				TEST_HOST = "$(BUILT_PRODUCTS_DIR)/Locanotion.app/Locanotion";
			};
			name = Debug;
		};
		3DF965E01AC5BF430011ABC2 /* Release */ = {
			isa = XCBuildConfiguration;
			buildSettings = {
				BUNDLE_LOADER = "$(TEST_HOST)";
				FRAMEWORK_SEARCH_PATHS = (
					"$(SDKROOT)/Developer/Library/Frameworks",
					"$(inherited)",
				);
				INFOPLIST_FILE = LocanotionTests/Info.plist;
				LD_RUNPATH_SEARCH_PATHS = "$(inherited) @executable_path/Frameworks @loader_path/Frameworks";
				PRODUCT_NAME = "$(TARGET_NAME)";
				TEST_HOST = "$(BUILT_PRODUCTS_DIR)/Locanotion.app/Locanotion";
			};
			name = Release;
		};
/* End XCBuildConfiguration section */

/* Begin XCConfigurationList section */
		3DF965B41AC5BF430011ABC2 /* Build configuration list for PBXProject "Locanotion" */ = {
			isa = XCConfigurationList;
			buildConfigurations = (
				3DF965D91AC5BF430011ABC2 /* Debug */,
				3DF965DA1AC5BF430011ABC2 /* Release */,
			);
			defaultConfigurationIsVisible = 0;
			defaultConfigurationName = Release;
		};
		3DF965DB1AC5BF430011ABC2 /* Build configuration list for PBXNativeTarget "Locanotion" */ = {
			isa = XCConfigurationList;
			buildConfigurations = (
				3DF965DC1AC5BF430011ABC2 /* Debug */,
				3DF965DD1AC5BF430011ABC2 /* Release */,
			);
			defaultConfigurationIsVisible = 0;
			defaultConfigurationName = Release;
		};
		3DF965DE1AC5BF430011ABC2 /* Build configuration list for PBXNativeTarget "LocanotionTests" */ = {
			isa = XCConfigurationList;
			buildConfigurations = (
				3DF965DF1AC5BF430011ABC2 /* Debug */,
				3DF965E01AC5BF430011ABC2 /* Release */,
			);
			defaultConfigurationIsVisible = 0;
			defaultConfigurationName = Release;
		};
/* End XCConfigurationList section */

/* Begin XCVersionGroup section */
		3DF965C01AC5BF430011ABC2 /* Locanotion.xcdatamodeld */ = {
			isa = XCVersionGroup;
			children = (
				3DF965C11AC5BF430011ABC2 /* Locanotion.xcdatamodel */,
			);
			currentVersion = 3DF965C11AC5BF430011ABC2 /* Locanotion.xcdatamodel */;
			path = Locanotion.xcdatamodeld;
			sourceTree = "<group>";
			versionGroupType = wrapper.xcdatamodel;
		};
/* End XCVersionGroup section */
	};
	rootObject = 3DF965B11AC5BF430011ABC2 /* Project object */;
}
